// !$*UTF8*$!
{
	archiveVersion = 1;
	classes = {
	};
	objectVersion = 55;
	objects = {

/* Begin PBXBuildFile section */
		522A24C9517998702E6F8C76 /* Pods_CreditCardList.framework in Frameworks */ = {isa = PBXBuildFile; fileRef = 9D8AEA3ECF8FD0E85D56AF50 /* Pods_CreditCardList.framework */; };
		CF09D8FA27FC664A00BBD947 /* GoogleService-Info.plist in Resources */ = {isa = PBXBuildFile; fileRef = CF09D8F927FC664A00BBD947 /* GoogleService-Info.plist */; };
		CFECF07D27F4747E00D0A52B /* AppDelegate.swift in Sources */ = {isa = PBXBuildFile; fileRef = CFECF07C27F4747E00D0A52B /* AppDelegate.swift */; };
		CFECF07F27F4747E00D0A52B /* SceneDelegate.swift in Sources */ = {isa = PBXBuildFile; fileRef = CFECF07E27F4747E00D0A52B /* SceneDelegate.swift */; };
		CFECF08427F4747E00D0A52B /* Main.storyboard in Resources */ = {isa = PBXBuildFile; fileRef = CFECF08227F4747E00D0A52B /* Main.storyboard */; };
		CFECF08627F4747F00D0A52B /* Assets.xcassets in Resources */ = {isa = PBXBuildFile; fileRef = CFECF08527F4747F00D0A52B /* Assets.xcassets */; };
		CFECF08927F4747F00D0A52B /* LaunchScreen.storyboard in Resources */ = {isa = PBXBuildFile; fileRef = CFECF08727F4747F00D0A52B /* LaunchScreen.storyboard */; };
		CFECF09127F474B600D0A52B /* CardListViewController.swift in Sources */ = {isa = PBXBuildFile; fileRef = CFECF09027F474B600D0A52B /* CardListViewController.swift */; };
		CFECF09327F4761C00D0A52B /* CreditCard.swift in Sources */ = {isa = PBXBuildFile; fileRef = CFECF09227F4761C00D0A52B /* CreditCard.swift */; };
		CFECF09627F4774D00D0A52B /* CardListCell.swift in Sources */ = {isa = PBXBuildFile; fileRef = CFECF09427F4774D00D0A52B /* CardListCell.swift */; };
		CFECF09727F4774D00D0A52B /* CardListCell.xib in Resources */ = {isa = PBXBuildFile; fileRef = CFECF09527F4774D00D0A52B /* CardListCell.xib */; };
		CFECF09927F47F1600D0A52B /* CardDeatilViewController.swift in Sources */ = {isa = PBXBuildFile; fileRef = CFECF09827F47F1600D0A52B /* CardDeatilViewController.swift */; };
		CFECF09B27F4844900D0A52B /* money.json in Resources */ = {isa = PBXBuildFile; fileRef = CFECF09A27F4844900D0A52B /* money.json */; };
/* End PBXBuildFile section */

/* Begin PBXFileReference section */
		628EE414634D97335F4E7FC5 /* Pods-CreditCardList.debug.xcconfig */ = {isa = PBXFileReference; includeInIndex = 1; lastKnownFileType = text.xcconfig; name = "Pods-CreditCardList.debug.xcconfig"; path = "Target Support Files/Pods-CreditCardList/Pods-CreditCardList.debug.xcconfig"; sourceTree = "<group>"; };
		95B1A9FBAB2EDA2D06BF57B7 /* Pods-CreditCardList.release.xcconfig */ = {isa = PBXFileReference; includeInIndex = 1; lastKnownFileType = text.xcconfig; name = "Pods-CreditCardList.release.xcconfig"; path = "Target Support Files/Pods-CreditCardList/Pods-CreditCardList.release.xcconfig"; sourceTree = "<group>"; };
		9D8AEA3ECF8FD0E85D56AF50 /* Pods_CreditCardList.framework */ = {isa = PBXFileReference; explicitFileType = wrapper.framework; includeInIndex = 0; path = Pods_CreditCardList.framework; sourceTree = BUILT_PRODUCTS_DIR; };
		CF09D8F927FC664A00BBD947 /* GoogleService-Info.plist */ = {isa = PBXFileReference; fileEncoding = 4; lastKnownFileType = text.plist.xml; path = "GoogleService-Info.plist"; sourceTree = "<group>"; };
		CFECF07927F4747E00D0A52B /* CreditCardList.app */ = {isa = PBXFileReference; explicitFileType = wrapper.application; includeInIndex = 0; path = CreditCardList.app; sourceTree = BUILT_PRODUCTS_DIR; };
		CFECF07C27F4747E00D0A52B /* AppDelegate.swift */ = {isa = PBXFileReference; lastKnownFileType = sourcecode.swift; path = AppDelegate.swift; sourceTree = "<group>"; };
		CFECF07E27F4747E00D0A52B /* SceneDelegate.swift */ = {isa = PBXFileReference; lastKnownFileType = sourcecode.swift; path = SceneDelegate.swift; sourceTree = "<group>"; };
		CFECF08327F4747E00D0A52B /* Base */ = {isa = PBXFileReference; lastKnownFileType = file.storyboard; name = Base; path = Base.lproj/Main.storyboard; sourceTree = "<group>"; };
		CFECF08527F4747F00D0A52B /* Assets.xcassets */ = {isa = PBXFileReference; lastKnownFileType = folder.assetcatalog; path = Assets.xcassets; sourceTree = "<group>"; };
		CFECF08827F4747F00D0A52B /* Base */ = {isa = PBXFileReference; lastKnownFileType = file.storyboard; name = Base; path = Base.lproj/LaunchScreen.storyboard; sourceTree = "<group>"; };
		CFECF08A27F4747F00D0A52B /* Info.plist */ = {isa = PBXFileReference; lastKnownFileType = text.plist.xml; path = Info.plist; sourceTree = "<group>"; };
		CFECF09027F474B600D0A52B /* CardListViewController.swift */ = {isa = PBXFileReference; lastKnownFileType = sourcecode.swift; path = CardListViewController.swift; sourceTree = "<group>"; };
		CFECF09227F4761C00D0A52B /* CreditCard.swift */ = {isa = PBXFileReference; lastKnownFileType = sourcecode.swift; path = CreditCard.swift; sourceTree = "<group>"; };
		CFECF09427F4774D00D0A52B /* CardListCell.swift */ = {isa = PBXFileReference; lastKnownFileType = sourcecode.swift; path = CardListCell.swift; sourceTree = "<group>"; };
		CFECF09527F4774D00D0A52B /* CardListCell.xib */ = {isa = PBXFileReference; lastKnownFileType = file.xib; path = CardListCell.xib; sourceTree = "<group>"; };
		CFECF09827F47F1600D0A52B /* CardDeatilViewController.swift */ = {isa = PBXFileReference; lastKnownFileType = sourcecode.swift; path = CardDeatilViewController.swift; sourceTree = "<group>"; };
		CFECF09A27F4844900D0A52B /* money.json */ = {isa = PBXFileReference; fileEncoding = 4; lastKnownFileType = text.json; path = money.json; sourceTree = "<group>"; };
/* End PBXFileReference section */

/* Begin PBXFrameworksBuildPhase section */
		CFECF07627F4747E00D0A52B /* Frameworks */ = {
			isa = PBXFrameworksBuildPhase;
			buildActionMask = 2147483647;
			files = (
				522A24C9517998702E6F8C76 /* Pods_CreditCardList.framework in Frameworks */,
			);
			runOnlyForDeploymentPostprocessing = 0;
		};
/* End PBXFrameworksBuildPhase section */

/* Begin PBXGroup section */
		92875A9BCB4326631441729F /* Pods */ = {
			isa = PBXGroup;
			children = (
				628EE414634D97335F4E7FC5 /* Pods-CreditCardList.debug.xcconfig */,
				95B1A9FBAB2EDA2D06BF57B7 /* Pods-CreditCardList.release.xcconfig */,
			);
			path = Pods;
			sourceTree = "<group>";
		};
		CFECF07027F4747E00D0A52B = {
			isa = PBXGroup;
			children = (
				CFECF07B27F4747E00D0A52B /* CreditCardList */,
				CFECF07A27F4747E00D0A52B /* Products */,
				92875A9BCB4326631441729F /* Pods */,
				E92FD9B9773C7D2F9DDAB5E2 /* Frameworks */,
			);
			sourceTree = "<group>";
		};
		CFECF07A27F4747E00D0A52B /* Products */ = {
			isa = PBXGroup;
			children = (
				CFECF07927F4747E00D0A52B /* CreditCardList.app */,
			);
			name = Products;
			sourceTree = "<group>";
		};
		CFECF07B27F4747E00D0A52B /* CreditCardList */ = {
			isa = PBXGroup;
			children = (
				CFECF09A27F4844900D0A52B /* money.json */,
				CFECF07C27F4747E00D0A52B /* AppDelegate.swift */,
				CFECF07E27F4747E00D0A52B /* SceneDelegate.swift */,
				CFECF08227F4747E00D0A52B /* Main.storyboard */,
				CFECF09227F4761C00D0A52B /* CreditCard.swift */,
				CFECF09427F4774D00D0A52B /* CardListCell.swift */,
				CFECF09527F4774D00D0A52B /* CardListCell.xib */,
				CFECF09027F474B600D0A52B /* CardListViewController.swift */,
				CFECF09827F47F1600D0A52B /* CardDeatilViewController.swift */,
				CFECF08527F4747F00D0A52B /* Assets.xcassets */,
				CFECF08727F4747F00D0A52B /* LaunchScreen.storyboard */,
				CFECF08A27F4747F00D0A52B /* Info.plist */,
				CF09D8F927FC664A00BBD947 /* GoogleService-Info.plist */,
			);
			path = CreditCardList;
			sourceTree = "<group>";
		};
		E92FD9B9773C7D2F9DDAB5E2 /* Frameworks */ = {
			isa = PBXGroup;
			children = (
				9D8AEA3ECF8FD0E85D56AF50 /* Pods_CreditCardList.framework */,
			);
			name = Frameworks;
			sourceTree = "<group>";
		};
/* End PBXGroup section */

/* Begin PBXNativeTarget section */
		CFECF07827F4747E00D0A52B /* CreditCardList */ = {
			isa = PBXNativeTarget;
			buildConfigurationList = CFECF08D27F4747F00D0A52B /* Build configuration list for PBXNativeTarget "CreditCardList" */;
			buildPhases = (
				6F63A5AB77F3CA0B0847CCAA /* [CP] Check Pods Manifest.lock */,
				CFECF07527F4747E00D0A52B /* Sources */,
				CFECF07627F4747E00D0A52B /* Frameworks */,
				CFECF07727F4747E00D0A52B /* Resources */,
				3CF0CD12745A3EECE35FD42E /* [CP] Embed Pods Frameworks */,
			);
			buildRules = (
			);
			dependencies = (
			);
			name = CreditCardList;
			productName = CreditCardList;
			productReference = CFECF07927F4747E00D0A52B /* CreditCardList.app */;
			productType = "com.apple.product-type.application";
		};
/* End PBXNativeTarget section */

/* Begin PBXProject section */
		CFECF07127F4747E00D0A52B /* Project object */ = {
			isa = PBXProject;
			attributes = {
				BuildIndependentTargetsInParallel = 1;
				LastSwiftUpdateCheck = 1310;
				LastUpgradeCheck = 1310;
				TargetAttributes = {
					CFECF07827F4747E00D0A52B = {
						CreatedOnToolsVersion = 13.1;
					};
				};
			};
			buildConfigurationList = CFECF07427F4747E00D0A52B /* Build configuration list for PBXProject "CreditCardList" */;
			compatibilityVersion = "Xcode 13.0";
			developmentRegion = en;
			hasScannedForEncodings = 0;
			knownRegions = (
				en,
				Base,
			);
			mainGroup = CFECF07027F4747E00D0A52B;
			productRefGroup = CFECF07A27F4747E00D0A52B /* Products */;
			projectDirPath = "";
			projectRoot = "";
			targets = (
				CFECF07827F4747E00D0A52B /* CreditCardList */,
			);
		};
/* End PBXProject section */

/* Begin PBXResourcesBuildPhase section */
		CFECF07727F4747E00D0A52B /* Resources */ = {
			isa = PBXResourcesBuildPhase;
			buildActionMask = 2147483647;
			files = (
				CFECF08927F4747F00D0A52B /* LaunchScreen.storyboard in Resources */,
				CFECF08627F4747F00D0A52B /* Assets.xcassets in Resources */,
				CFECF09B27F4844900D0A52B /* money.json in Resources */,
				CFECF08427F4747E00D0A52B /* Main.storyboard in Resources */,
				CFECF09727F4774D00D0A52B /* CardListCell.xib in Resources */,
				CF09D8FA27FC664A00BBD947 /* GoogleService-Info.plist in Resources */,
			);
			runOnlyForDeploymentPostprocessing = 0;
		};
/* End PBXResourcesBuildPhase section */

/* Begin PBXShellScriptBuildPhase section */
		3CF0CD12745A3EECE35FD42E /* [CP] Embed Pods Frameworks */ = {
			isa = PBXShellScriptBuildPhase;
			buildActionMask = 2147483647;
			files = (
			);
			inputFileListPaths = (
				"${PODS_ROOT}/Target Support Files/Pods-CreditCardList/Pods-CreditCardList-frameworks-${CONFIGURATION}-input-files.xcfilelist",
			);
			name = "[CP] Embed Pods Frameworks";
			outputFileListPaths = (
				"${PODS_ROOT}/Target Support Files/Pods-CreditCardList/Pods-CreditCardList-frameworks-${CONFIGURATION}-output-files.xcfilelist",
			);
			runOnlyForDeploymentPostprocessing = 0;
			shellPath = /bin/sh;
			shellScript = "\"${PODS_ROOT}/Target Support Files/Pods-CreditCardList/Pods-CreditCardList-frameworks.sh\"\n";
			showEnvVarsInLog = 0;
		};
		6F63A5AB77F3CA0B0847CCAA /* [CP] Check Pods Manifest.lock */ = {
			isa = PBXShellScriptBuildPhase;
			buildActionMask = 2147483647;
			files = (
			);
			inputFileListPaths = (
			);
			inputPaths = (
				"${PODS_PODFILE_DIR_PATH}/Podfile.lock",
				"${PODS_ROOT}/Manifest.lock",
			);
			name = "[CP] Check Pods Manifest.lock";
			outputFileListPaths = (
			);
			outputPaths = (
				"$(DERIVED_FILE_DIR)/Pods-CreditCardList-checkManifestLockResult.txt",
			);
			runOnlyForDeploymentPostprocessing = 0;
			shellPath = /bin/sh;
			shellScript = "diff \"${PODS_PODFILE_DIR_PATH}/Podfile.lock\" \"${PODS_ROOT}/Manifest.lock\" > /dev/null\nif [ $? != 0 ] ; then\n    # print error to STDERR\n    echo \"error: The sandbox is not in sync with the Podfile.lock. Run 'pod install' or update your CocoaPods installation.\" >&2\n    exit 1\nfi\n# This output is used by Xcode 'outputs' to avoid re-running this script phase.\necho \"SUCCESS\" > \"${SCRIPT_OUTPUT_FILE_0}\"\n";
			showEnvVarsInLog = 0;
		};
/* End PBXShellScriptBuildPhase section */

/* Begin PBXSourcesBuildPhase section */
		CFECF07527F4747E00D0A52B /* Sources */ = {
			isa = PBXSourcesBuildPhase;
			buildActionMask = 2147483647;
			files = (
				CFECF09327F4761C00D0A52B /* CreditCard.swift in Sources */,
				CFECF09627F4774D00D0A52B /* CardListCell.swift in Sources */,
				CFECF09127F474B600D0A52B /* CardListViewController.swift in Sources */,
				CFECF09927F47F1600D0A52B /* CardDeatilViewController.swift in Sources */,
				CFECF07D27F4747E00D0A52B /* AppDelegate.swift in Sources */,
				CFECF07F27F4747E00D0A52B /* SceneDelegate.swift in Sources */,
			);
			runOnlyForDeploymentPostprocessing = 0;
		};
/* End PBXSourcesBuildPhase section */

/* Begin PBXVariantGroup section */
		CFECF08227F4747E00D0A52B /* Main.storyboard */ = {
			isa = PBXVariantGroup;
			children = (
				CFECF08327F4747E00D0A52B /* Base */,
			);
			name = Main.storyboard;
			sourceTree = "<group>";
		};
		CFECF08727F4747F00D0A52B /* LaunchScreen.storyboard */ = {
			isa = PBXVariantGroup;
			children = (
				CFECF08827F4747F00D0A52B /* Base */,
			);
			name = LaunchScreen.storyboard;
			sourceTree = "<group>";
		};
/* End PBXVariantGroup section */

/* Begin XCBuildConfiguration section */
		CFECF08B27F4747F00D0A52B /* Debug */ = {
			isa = XCBuildConfiguration;
			buildSettings = {
				ALWAYS_SEARCH_USER_PATHS = NO;
				CLANG_ANALYZER_NONNULL = YES;
				CLANG_ANALYZER_NUMBER_OBJECT_CONVERSION = YES_AGGRESSIVE;
				CLANG_CXX_LANGUAGE_STANDARD = "gnu++17";
				CLANG_CXX_LIBRARY = "libc++";
				CLANG_ENABLE_MODULES = YES;
				CLANG_ENABLE_OBJC_ARC = YES;
				CLANG_ENABLE_OBJC_WEAK = YES;
				CLANG_WARN_BLOCK_CAPTURE_AUTORELEASING = YES;
				CLANG_WARN_BOOL_CONVERSION = YES;
				CLANG_WARN_COMMA = YES;
				CLANG_WARN_CONSTANT_CONVERSION = YES;
				CLANG_WARN_DEPRECATED_OBJC_IMPLEMENTATIONS = YES;
				CLANG_WARN_DIRECT_OBJC_ISA_USAGE = YES_ERROR;
				CLANG_WARN_DOCUMENTATION_COMMENTS = YES;
				CLANG_WARN_EMPTY_BODY = YES;
				CLANG_WARN_ENUM_CONVERSION = YES;
				CLANG_WARN_INFINITE_RECURSION = YES;
				CLANG_WARN_INT_CONVERSION = YES;
				CLANG_WARN_NON_LITERAL_NULL_CONVERSION = YES;
				CLANG_WARN_OBJC_IMPLICIT_RETAIN_SELF = YES;
				CLANG_WARN_OBJC_LITERAL_CONVERSION = YES;
				CLANG_WARN_OBJC_ROOT_CLASS = YES_ERROR;
				CLANG_WARN_QUOTED_INCLUDE_IN_FRAMEWORK_HEADER = YES;
				CLANG_WARN_RANGE_LOOP_ANALYSIS = YES;
				CLANG_WARN_STRICT_PROTOTYPES = YES;
				CLANG_WARN_SUSPICIOUS_MOVE = YES;
				CLANG_WARN_UNGUARDED_AVAILABILITY = YES_AGGRESSIVE;
				CLANG_WARN_UNREACHABLE_CODE = YES;
				CLANG_WARN__DUPLICATE_METHOD_MATCH = YES;
				COPY_PHASE_STRIP = NO;
				DEBUG_INFORMATION_FORMAT = dwarf;
				ENABLE_STRICT_OBJC_MSGSEND = YES;
				ENABLE_TESTABILITY = YES;
				GCC_C_LANGUAGE_STANDARD = gnu11;
				GCC_DYNAMIC_NO_PIC = NO;
				GCC_NO_COMMON_BLOCKS = YES;
				GCC_OPTIMIZATION_LEVEL = 0;
				GCC_PREPROCESSOR_DEFINITIONS = (
					"DEBUG=1",
					"$(inherited)",
				);
				GCC_WARN_64_TO_32_BIT_CONVERSION = YES;
				GCC_WARN_ABOUT_RETURN_TYPE = YES_ERROR;
				GCC_WARN_UNDECLARED_SELECTOR = YES;
				GCC_WARN_UNINITIALIZED_AUTOS = YES_AGGRESSIVE;
				GCC_WARN_UNUSED_FUNCTION = YES;
				GCC_WARN_UNUSED_VARIABLE = YES;
				IPHONEOS_DEPLOYMENT_TARGET = 15.0;
				MTL_ENABLE_DEBUG_INFO = INCLUDE_SOURCE;
				MTL_FAST_MATH = YES;
				ONLY_ACTIVE_ARCH = YES;
				SDKROOT = iphoneos;
				SWIFT_ACTIVE_COMPILATION_CONDITIONS = DEBUG;
				SWIFT_OPTIMIZATION_LEVEL = "-Onone";
			};
			name = Debug;
		};
		CFECF08C27F4747F00D0A52B /* Release */ = {
			isa = XCBuildConfiguration;
			buildSettings = {
				ALWAYS_SEARCH_USER_PATHS = NO;
				CLANG_ANALYZER_NONNULL = YES;
				CLANG_ANALYZER_NUMBER_OBJECT_CONVERSION = YES_AGGRESSIVE;
				CLANG_CXX_LANGUAGE_STANDARD = "gnu++17";
				CLANG_CXX_LIBRARY = "libc++";
				CLANG_ENABLE_MODULES = YES;
				CLANG_ENABLE_OBJC_ARC = YES;
				CLANG_ENABLE_OBJC_WEAK = YES;
				CLANG_WARN_BLOCK_CAPTURE_AUTORELEASING = YES;
				CLANG_WARN_BOOL_CONVERSION = YES;
				CLANG_WARN_COMMA = YES;
				CLANG_WARN_CONSTANT_CONVERSION = YES;
				CLANG_WARN_DEPRECATED_OBJC_IMPLEMENTATIONS = YES;
				CLANG_WARN_DIRECT_OBJC_ISA_USAGE = YES_ERROR;
				CLANG_WARN_DOCUMENTATION_COMMENTS = YES;
				CLANG_WARN_EMPTY_BODY = YES;
				CLANG_WARN_ENUM_CONVERSION = YES;
				CLANG_WARN_INFINITE_RECURSION = YES;
				CLANG_WARN_INT_CONVERSION = YES;
				CLANG_WARN_NON_LITERAL_NULL_CONVERSION = YES;
				CLANG_WARN_OBJC_IMPLICIT_RETAIN_SELF = YES;
				CLANG_WARN_OBJC_LITERAL_CONVERSION = YES;
				CLANG_WARN_OBJC_ROOT_CLASS = YES_ERROR;
				CLANG_WARN_QUOTED_INCLUDE_IN_FRAMEWORK_HEADER = YES;
				CLANG_WARN_RANGE_LOOP_ANALYSIS = YES;
				CLANG_WARN_STRICT_PROTOTYPES = YES;
				CLANG_WARN_SUSPICIOUS_MOVE = YES;
				CLANG_WARN_UNGUARDED_AVAILABILITY = YES_AGGRESSIVE;
				CLANG_WARN_UNREACHABLE_CODE = YES;
				CLANG_WARN__DUPLICATE_METHOD_MATCH = YES;
				COPY_PHASE_STRIP = NO;
				DEBUG_INFORMATION_FORMAT = "dwarf-with-dsym";
				ENABLE_NS_ASSERTIONS = NO;
				ENABLE_STRICT_OBJC_MSGSEND = YES;
				GCC_C_LANGUAGE_STANDARD = gnu11;
				GCC_NO_COMMON_BLOCKS = YES;
				GCC_WARN_64_TO_32_BIT_CONVERSION = YES;
				GCC_WARN_ABOUT_RETURN_TYPE = YES_ERROR;
				GCC_WARN_UNDECLARED_SELECTOR = YES;
				GCC_WARN_UNINITIALIZED_AUTOS = YES_AGGRESSIVE;
				GCC_WARN_UNUSED_FUNCTION = YES;
				GCC_WARN_UNUSED_VARIABLE = YES;
				IPHONEOS_DEPLOYMENT_TARGET = 15.0;
				MTL_ENABLE_DEBUG_INFO = NO;
				MTL_FAST_MATH = YES;
				SDKROOT = iphoneos;
				SWIFT_COMPILATION_MODE = wholemodule;
				SWIFT_OPTIMIZATION_LEVEL = "-O";
				VALIDATE_PRODUCT = YES;
			};
			name = Release;
		};
		CFECF08E27F4747F00D0A52B /* Debug */ = {
			isa = XCBuildConfiguration;
			baseConfigurationReference = 628EE414634D97335F4E7FC5 /* Pods-CreditCardList.debug.xcconfig */;
			buildSettings = {
				ASSETCATALOG_COMPILER_APPICON_NAME = AppIcon;
				ASSETCATALOG_COMPILER_GLOBAL_ACCENT_COLOR_NAME = AccentColor;
				CODE_SIGN_STYLE = Automatic;
				CURRENT_PROJECT_VERSION = 1;
				DEVELOPMENT_TEAM = 55R62292CP;
				GENERATE_INFOPLIST_FILE = YES;
				INFOPLIST_FILE = CreditCardList/Info.plist;
				INFOPLIST_KEY_UIApplicationSupportsIndirectInputEvents = YES;
				INFOPLIST_KEY_UILaunchStoryboardName = LaunchScreen;
				INFOPLIST_KEY_UIMainStoryboardFile = Main;
				INFOPLIST_KEY_UISupportedInterfaceOrientations_iPad = "UIInterfaceOrientationPortrait UIInterfaceOrientationPortraitUpsideDown UIInterfaceOrientationLandscapeLeft UIInterfaceOrientationLandscapeRight";
				INFOPLIST_KEY_UISupportedInterfaceOrientations_iPhone = "UIInterfaceOrientationPortrait UIInterfaceOrientationLandscapeLeft UIInterfaceOrientationLandscapeRight";
				LD_RUNPATH_SEARCH_PATHS = (
					"$(inherited)",
					"@executable_path/Frameworks",
				);
				MARKETING_VERSION = 1.0;
				PRODUCT_BUNDLE_IDENTIFIER = com.seosh.CreditCardList;
				PRODUCT_NAME = "$(TARGET_NAME)";
				SWIFT_EMIT_LOC_STRINGS = YES;
				SWIFT_VERSION = 5.0;
				TARGETED_DEVICE_FAMILY = "1,2";
			};
			name = Debug;
		};
		CFECF08F27F4747F00D0A52B /* Release */ = {
			isa = XCBuildConfiguration;
			baseConfigurationReference = 95B1A9FBAB2EDA2D06BF57B7 /* Pods-CreditCardList.release.xcconfig */;
			buildSettings = {
				ASSETCATALOG_COMPILER_APPICON_NAME = AppIcon;
				ASSETCATALOG_COMPILER_GLOBAL_ACCENT_COLOR_NAME = AccentColor;
				CODE_SIGN_STYLE = Automatic;
				CURRENT_PROJECT_VERSION = 1;
				DEVELOPMENT_TEAM = 55R62292CP;
				GENERATE_INFOPLIST_FILE = YES;
				INFOPLIST_FILE = CreditCardList/Info.plist;
				INFOPLIST_KEY_UIApplicationSupportsIndirectInputEvents = YES;
				INFOPLIST_KEY_UILaunchStoryboardName = LaunchScreen;
				INFOPLIST_KEY_UIMainStoryboardFile = Main;
				INFOPLIST_KEY_UISupportedInterfaceOrientations_iPad = "UIInterfaceOrientationPortrait UIInterfaceOrientationPortraitUpsideDown UIInterfaceOrientationLandscapeLeft UIInterfaceOrientationLandscapeRight";
				INFOPLIST_KEY_UISupportedInterfaceOrientations_iPhone = "UIInterfaceOrientationPortrait UIInterfaceOrientationLandscapeLeft UIInterfaceOrientationLandscapeRight";
				LD_RUNPATH_SEARCH_PATHS = (
					"$(inherited)",
					"@executable_path/Frameworks",
				);
				MARKETING_VERSION = 1.0;
				PRODUCT_BUNDLE_IDENTIFIER = com.seosh.CreditCardList;
				PRODUCT_NAME = "$(TARGET_NAME)";
				SWIFT_EMIT_LOC_STRINGS = YES;
				SWIFT_VERSION = 5.0;
				TARGETED_DEVICE_FAMILY = "1,2";
			};
			name = Release;
		};
/* End XCBuildConfiguration section */

/* Begin XCConfigurationList section */
		CFECF07427F4747E00D0A52B /* Build configuration list for PBXProject "CreditCardList" */ = {
			isa = XCConfigurationList;
			buildConfigurations = (
				CFECF08B27F4747F00D0A52B /* Debug */,
				CFECF08C27F4747F00D0A52B /* Release */,
			);
			defaultConfigurationIsVisible = 0;
			defaultConfigurationName = Release;
		};
		CFECF08D27F4747F00D0A52B /* Build configuration list for PBXNativeTarget "CreditCardList" */ = {
			isa = XCConfigurationList;
			buildConfigurations = (
				CFECF08E27F4747F00D0A52B /* Debug */,
				CFECF08F27F4747F00D0A52B /* Release */,
			);
			defaultConfigurationIsVisible = 0;
			defaultConfigurationName = Release;
		};
/* End XCConfigurationList section */
	};
	rootObject = CFECF07127F4747E00D0A52B /* Project object */;
}
